// !$*UTF8*$!
{
	archiveVersion = 1;
	classes = {
	};
	objectVersion = 46;
	objects = {

/* Begin PBXBuildFile section */
		3F094858199E5CCF0059D44A /* GameTextures.swift in Sources */ = {isa = PBXBuildFile; fileRef = 3F094857199E5CCF0059D44A /* GameTextures.swift */; };
		3F09485A199E5CDE0059D44A /* GameSounds.swift in Sources */ = {isa = PBXBuildFile; fileRef = 3F094859199E5CDE0059D44A /* GameSounds.swift */; };
		3F09485D199E5CF00059D44A /* Player.swift in Sources */ = {isa = PBXBuildFile; fileRef = 3F09485C199E5CF00059D44A /* Player.swift */; };
		3F09485F199E5CFF0059D44A /* Spike.swift in Sources */ = {isa = PBXBuildFile; fileRef = 3F09485E199E5CFF0059D44A /* Spike.swift */; };
		3F094862199E8B9D0059D44A /* Foreground.swift in Sources */ = {isa = PBXBuildFile; fileRef = 3F094861199E8B9D0059D44A /* Foreground.swift */; };
		3FB6A5B7199FE17C00463876 /* Hils.swift in Sources */ = {isa = PBXBuildFile; fileRef = 3FB6A5B6199FE17C00463876 /* Hils.swift */; };
		3FC78468199D72C1006D333A /* Main.storyboard in Resources */ = {isa = PBXBuildFile; fileRef = 3FC78466199D72C1006D333A /* Main.storyboard */; };
		3FC7846A199D72C1006D333A /* Images.xcassets in Resources */ = {isa = PBXBuildFile; fileRef = 3FC78469199D72C1006D333A /* Images.xcassets */; };
		3FC78476199D72C1006D333A /* PippinFreeTests.swift in Sources */ = {isa = PBXBuildFile; fileRef = 3FC78475199D72C1006D333A /* PippinFreeTests.swift */; };
		3FC784C0199D73C6006D333A /* AppDelegate.swift in Sources */ = {isa = PBXBuildFile; fileRef = 3FC78481199D73C6006D333A /* AppDelegate.swift */; };
		3FC784C1199D73C6006D333A /* GameScene.swift in Sources */ = {isa = PBXBuildFile; fileRef = 3FC78482199D73C6006D333A /* GameScene.swift */; };
		3FC784C2199D73C6006D333A /* GameViewController.swift in Sources */ = {isa = PBXBuildFile; fileRef = 3FC78483199D73C6006D333A /* GameViewController.swift */; };
		3FC784C3199D73C6006D333A /* BMGlyphFont.m in Sources */ = {isa = PBXBuildFile; fileRef = 3FC78487199D73C6006D333A /* BMGlyphFont.m */; };
		3FC784C4199D73C6006D333A /* BMGlyphLabel.m in Sources */ = {isa = PBXBuildFile; fileRef = 3FC78489199D73C6006D333A /* BMGlyphLabel.m */; };
		3FC784C6199D73C6006D333A /* CGFloat+Extensions.swift in Sources */ = {isa = PBXBuildFile; fileRef = 3FC78499199D73C6006D333A /* CGFloat+Extensions.swift */; };
		3FC784C7199D73C6006D333A /* CGPoint+Extensions.swift in Sources */ = {isa = PBXBuildFile; fileRef = 3FC7849A199D73C6006D333A /* CGPoint+Extensions.swift */; };
		3FC784C8199D73C6006D333A /* CGVector+Extensions.swift in Sources */ = {isa = PBXBuildFile; fileRef = 3FC7849B199D73C6006D333A /* CGVector+Extensions.swift */; };
		3FC784C9199D73C6006D333A /* Double+Extensions.swift in Sources */ = {isa = PBXBuildFile; fileRef = 3FC7849C199D73C6006D333A /* Double+Extensions.swift */; };
		3FC784CA199D73C6006D333A /* Int+Extensions.swift in Sources */ = {isa = PBXBuildFile; fileRef = 3FC7849D199D73C6006D333A /* Int+Extensions.swift */; };
		3FC784CB199D73C6006D333A /* SKAction+Extensions.swift in Sources */ = {isa = PBXBuildFile; fileRef = 3FC7849E199D73C6006D333A /* SKAction+Extensions.swift */; };
		3FC784CC199D73C6006D333A /* SKAction+SpecialEffects.swift in Sources */ = {isa = PBXBuildFile; fileRef = 3FC7849F199D73C6006D333A /* SKAction+SpecialEffects.swift */; };
		3FC784CD199D73C6006D333A /* SKColor+Extensions.swift in Sources */ = {isa = PBXBuildFile; fileRef = 3FC784A0199D73C6006D333A /* SKColor+Extensions.swift */; };
		3FC784CE199D73C6006D333A /* SKEmitterNode+Extensions.swift in Sources */ = {isa = PBXBuildFile; fileRef = 3FC784A1199D73C6006D333A /* SKEmitterNode+Extensions.swift */; };
		3FC784CF199D73C6006D333A /* SKNode+DebugDraw.swift in Sources */ = {isa = PBXBuildFile; fileRef = 3FC784A2199D73C6006D333A /* SKNode+DebugDraw.swift */; };
		3FC784D0199D73C6006D333A /* SKNode+Extensions.swift in Sources */ = {isa = PBXBuildFile; fileRef = 3FC784A3199D73C6006D333A /* SKNode+Extensions.swift */; };
		3FC784D1199D73C6006D333A /* SKTAudio.swift in Sources */ = {isa = PBXBuildFile; fileRef = 3FC784A4199D73C6006D333A /* SKTAudio.swift */; };
		3FC784D2199D73C6006D333A /* SKTEffects.swift in Sources */ = {isa = PBXBuildFile; fileRef = 3FC784A5199D73C6006D333A /* SKTEffects.swift */; };
		3FC784D3199D73C6006D333A /* SKTTimingFunctions.swift in Sources */ = {isa = PBXBuildFile; fileRef = 3FC784A6199D73C6006D333A /* SKTTimingFunctions.swift */; };
		3FC784D4199D73C6006D333A /* Vector3.swift in Sources */ = {isa = PBXBuildFile; fileRef = 3FC784A7199D73C6006D333A /* Vector3.swift */; };
		3FC784D5199D73C6006D333A /* Artwork.1.png in Resources */ = {isa = PBXBuildFile; fileRef = 3FC784AA199D73C6006D333A /* Artwork.1.png */; };
		3FC784D6199D73C6006D333A /* Artwork.1@2x~ipad.png in Resources */ = {isa = PBXBuildFile; fileRef = 3FC784AB199D73C6006D333A /* Artwork.1@2x~ipad.png */; };
		3FC784D7199D73C6006D333A /* Artwork.1@2x~iphone.png in Resources */ = {isa = PBXBuildFile; fileRef = 3FC784AC199D73C6006D333A /* Artwork.1@2x~iphone.png */; };
		3FC784D8199D73C6006D333A /* Artwork.1~ipad.png in Resources */ = {isa = PBXBuildFile; fileRef = 3FC784AD199D73C6006D333A /* Artwork.1~ipad.png */; };
		3FC784D9199D73C6006D333A /* Artwork.plist in Resources */ = {isa = PBXBuildFile; fileRef = 3FC784AE199D73C6006D333A /* Artwork.plist */; };
		3FC784DA199D73C6006D333A /* ScoreFont.atlas in Resources */ = {isa = PBXBuildFile; fileRef = 3FC784B0199D73C6006D333A /* ScoreFont.atlas */; };
		3FC784DB199D73C6006D333A /* ScoreFont.xml in Resources */ = {isa = PBXBuildFile; fileRef = 3FC784B1199D73C6006D333A /* ScoreFont.xml */; };
		3FC784DC199D73C6006D333A /* ScoreFont@2x.xml in Resources */ = {isa = PBXBuildFile; fileRef = 3FC784B2199D73C6006D333A /* ScoreFont@2x.xml */; };
		3FC784DD199D73C6006D333A /* ScoreFont@2x~ipad.xml in Resources */ = {isa = PBXBuildFile; fileRef = 3FC784B3199D73C6006D333A /* ScoreFont@2x~ipad.xml */; };
		3FC784DE199D73C6006D333A /* ScoreFont~ipad.xml in Resources */ = {isa = PBXBuildFile; fileRef = 3FC784B4199D73C6006D333A /* ScoreFont~ipad.xml */; };
		3FC784DF199D73C6006D333A /* gamemusic.mp3 in Resources */ = {isa = PBXBuildFile; fileRef = 3FC784B6199D73C6006D333A /* gamemusic.mp3 */; };
		3FC784E0199D73C6006D333A /* bounce.caf in Resources */ = {isa = PBXBuildFile; fileRef = 3FC784B8199D73C6006D333A /* bounce.caf */; };
		3FC784E1199D73C6006D333A /* coin.caf in Resources */ = {isa = PBXBuildFile; fileRef = 3FC784B9199D73C6006D333A /* coin.caf */; };
		3FC784E2199D73C6006D333A /* falling.caf in Resources */ = {isa = PBXBuildFile; fileRef = 3FC784BA199D73C6006D333A /* falling.caf */; };
		3FC784E3199D73C6006D333A /* flying.caf in Resources */ = {isa = PBXBuildFile; fileRef = 3FC784BB199D73C6006D333A /* flying.caf */; };
		3FC784E4199D73C6006D333A /* hitGround.caf in Resources */ = {isa = PBXBuildFile; fileRef = 3FC784BC199D73C6006D333A /* hitGround.caf */; };
		3FC784E5199D73C6006D333A /* oink.caf in Resources */ = {isa = PBXBuildFile; fileRef = 3FC784BD199D73C6006D333A /* oink.caf */; };
		3FC784E6199D73C6006D333A /* pop.caf in Resources */ = {isa = PBXBuildFile; fileRef = 3FC784BE199D73C6006D333A /* pop.caf */; };
		3FC784E7199D73C6006D333A /* whack.caf in Resources */ = {isa = PBXBuildFile; fileRef = 3FC784BF199D73C6006D333A /* whack.caf */; };
		3FC784E9199D7433006D333A /* Constants.swift in Sources */ = {isa = PBXBuildFile; fileRef = 3FC784E8199D7433006D333A /* Constants.swift */; };
		3FC784EB199D7487006D333A /* MenuScene.swift in Sources */ = {isa = PBXBuildFile; fileRef = 3FC784EA199D7487006D333A /* MenuScene.swift */; };
/* End PBXBuildFile section */

/* Begin PBXContainerItemProxy section */
		3FC78470199D72C1006D333A /* PBXContainerItemProxy */ = {
			isa = PBXContainerItemProxy;
			containerPortal = 3FC78451199D72C0006D333A /* Project object */;
			proxyType = 1;
			remoteGlobalIDString = 3FC78458199D72C1006D333A;
			remoteInfo = PippinFree;
		};
/* End PBXContainerItemProxy section */

/* Begin PBXFileReference section */
		3F094857199E5CCF0059D44A /* GameTextures.swift */ = {isa = PBXFileReference; fileEncoding = 4; lastKnownFileType = sourcecode.swift; path = GameTextures.swift; sourceTree = "<group>"; };
		3F094859199E5CDE0059D44A /* GameSounds.swift */ = {isa = PBXFileReference; fileEncoding = 4; lastKnownFileType = sourcecode.swift; path = GameSounds.swift; sourceTree = "<group>"; };
		3F09485C199E5CF00059D44A /* Player.swift */ = {isa = PBXFileReference; fileEncoding = 4; lastKnownFileType = sourcecode.swift; path = Player.swift; sourceTree = "<group>"; };
		3F09485E199E5CFF0059D44A /* Spike.swift */ = {isa = PBXFileReference; fileEncoding = 4; lastKnownFileType = sourcecode.swift; path = Spike.swift; sourceTree = "<group>"; };
		3F094861199E8B9D0059D44A /* Foreground.swift */ = {isa = PBXFileReference; fileEncoding = 4; lastKnownFileType = sourcecode.swift; path = Foreground.swift; sourceTree = "<group>"; };
		3FB6A5B6199FE17C00463876 /* Hils.swift */ = {isa = PBXFileReference; fileEncoding = 4; lastKnownFileType = sourcecode.swift; path = Hils.swift; sourceTree = "<group>"; };
		3FC78459199D72C1006D333A /* PippinFree.app */ = {isa = PBXFileReference; explicitFileType = wrapper.application; includeInIndex = 0; path = PippinFree.app; sourceTree = BUILT_PRODUCTS_DIR; };
		3FC7845D199D72C1006D333A /* Info.plist */ = {isa = PBXFileReference; lastKnownFileType = text.plist.xml; path = Info.plist; sourceTree = "<group>"; };
		3FC78467199D72C1006D333A /* Base */ = {isa = PBXFileReference; lastKnownFileType = file.storyboard; name = Base; path = Base.lproj/Main.storyboard; sourceTree = "<group>"; };
		3FC78469199D72C1006D333A /* Images.xcassets */ = {isa = PBXFileReference; lastKnownFileType = folder.assetcatalog; path = Images.xcassets; sourceTree = "<group>"; };
		3FC7846F199D72C1006D333A /* PippinFreeTests.xctest */ = {isa = PBXFileReference; explicitFileType = wrapper.cfbundle; includeInIndex = 0; path = PippinFreeTests.xctest; sourceTree = BUILT_PRODUCTS_DIR; };
		3FC78474199D72C1006D333A /* Info.plist */ = {isa = PBXFileReference; lastKnownFileType = text.plist.xml; path = Info.plist; sourceTree = "<group>"; };
		3FC78475199D72C1006D333A /* PippinFreeTests.swift */ = {isa = PBXFileReference; lastKnownFileType = sourcecode.swift; path = PippinFreeTests.swift; sourceTree = "<group>"; };
		3FC78481199D73C6006D333A /* AppDelegate.swift */ = {isa = PBXFileReference; fileEncoding = 4; lastKnownFileType = sourcecode.swift; path = AppDelegate.swift; sourceTree = "<group>"; };
		3FC78482199D73C6006D333A /* GameScene.swift */ = {isa = PBXFileReference; fileEncoding = 4; lastKnownFileType = sourcecode.swift; path = GameScene.swift; sourceTree = "<group>"; };
		3FC78483199D73C6006D333A /* GameViewController.swift */ = {isa = PBXFileReference; fileEncoding = 4; lastKnownFileType = sourcecode.swift; path = GameViewController.swift; sourceTree = "<group>"; };
		3FC78486199D73C6006D333A /* BMGlyphFont.h */ = {isa = PBXFileReference; fileEncoding = 4; lastKnownFileType = sourcecode.c.h; path = BMGlyphFont.h; sourceTree = "<group>"; };
		3FC78487199D73C6006D333A /* BMGlyphFont.m */ = {isa = PBXFileReference; fileEncoding = 4; lastKnownFileType = sourcecode.c.objc; path = BMGlyphFont.m; sourceTree = "<group>"; };
		3FC78488199D73C6006D333A /* BMGlyphLabel.h */ = {isa = PBXFileReference; fileEncoding = 4; lastKnownFileType = sourcecode.c.h; path = BMGlyphLabel.h; sourceTree = "<group>"; };
		3FC78489199D73C6006D333A /* BMGlyphLabel.m */ = {isa = PBXFileReference; fileEncoding = 4; lastKnownFileType = sourcecode.c.objc; path = BMGlyphLabel.m; sourceTree = "<group>"; };
		3FC78499199D73C6006D333A /* CGFloat+Extensions.swift */ = {isa = PBXFileReference; fileEncoding = 4; lastKnownFileType = sourcecode.swift; path = "CGFloat+Extensions.swift"; sourceTree = "<group>"; };
		3FC7849A199D73C6006D333A /* CGPoint+Extensions.swift */ = {isa = PBXFileReference; fileEncoding = 4; lastKnownFileType = sourcecode.swift; path = "CGPoint+Extensions.swift"; sourceTree = "<group>"; };
		3FC7849B199D73C6006D333A /* CGVector+Extensions.swift */ = {isa = PBXFileReference; fileEncoding = 4; lastKnownFileType = sourcecode.swift; path = "CGVector+Extensions.swift"; sourceTree = "<group>"; };
		3FC7849C199D73C6006D333A /* Double+Extensions.swift */ = {isa = PBXFileReference; fileEncoding = 4; lastKnownFileType = sourcecode.swift; path = "Double+Extensions.swift"; sourceTree = "<group>"; };
		3FC7849D199D73C6006D333A /* Int+Extensions.swift */ = {isa = PBXFileReference; fileEncoding = 4; lastKnownFileType = sourcecode.swift; path = "Int+Extensions.swift"; sourceTree = "<group>"; };
		3FC7849E199D73C6006D333A /* SKAction+Extensions.swift */ = {isa = PBXFileReference; fileEncoding = 4; lastKnownFileType = sourcecode.swift; path = "SKAction+Extensions.swift"; sourceTree = "<group>"; };
		3FC7849F199D73C6006D333A /* SKAction+SpecialEffects.swift */ = {isa = PBXFileReference; fileEncoding = 4; lastKnownFileType = sourcecode.swift; path = "SKAction+SpecialEffects.swift"; sourceTree = "<group>"; };
		3FC784A0199D73C6006D333A /* SKColor+Extensions.swift */ = {isa = PBXFileReference; fileEncoding = 4; lastKnownFileType = sourcecode.swift; path = "SKColor+Extensions.swift"; sourceTree = "<group>"; };
		3FC784A1199D73C6006D333A /* SKEmitterNode+Extensions.swift */ = {isa = PBXFileReference; fileEncoding = 4; lastKnownFileType = sourcecode.swift; path = "SKEmitterNode+Extensions.swift"; sourceTree = "<group>"; };
		3FC784A2199D73C6006D333A /* SKNode+DebugDraw.swift */ = {isa = PBXFileReference; fileEncoding = 4; lastKnownFileType = sourcecode.swift; path = "SKNode+DebugDraw.swift"; sourceTree = "<group>"; };
		3FC784A3199D73C6006D333A /* SKNode+Extensions.swift */ = {isa = PBXFileReference; fileEncoding = 4; lastKnownFileType = sourcecode.swift; path = "SKNode+Extensions.swift"; sourceTree = "<group>"; };
		3FC784A4199D73C6006D333A /* SKTAudio.swift */ = {isa = PBXFileReference; fileEncoding = 4; lastKnownFileType = sourcecode.swift; path = SKTAudio.swift; sourceTree = "<group>"; };
		3FC784A5199D73C6006D333A /* SKTEffects.swift */ = {isa = PBXFileReference; fileEncoding = 4; lastKnownFileType = sourcecode.swift; path = SKTEffects.swift; sourceTree = "<group>"; };
		3FC784A6199D73C6006D333A /* SKTTimingFunctions.swift */ = {isa = PBXFileReference; fileEncoding = 4; lastKnownFileType = sourcecode.swift; path = SKTTimingFunctions.swift; sourceTree = "<group>"; };
		3FC784A7199D73C6006D333A /* Vector3.swift */ = {isa = PBXFileReference; fileEncoding = 4; lastKnownFileType = sourcecode.swift; path = Vector3.swift; sourceTree = "<group>"; };
		3FC784AA199D73C6006D333A /* Artwork.1.png */ = {isa = PBXFileReference; lastKnownFileType = image.png; path = Artwork.1.png; sourceTree = "<group>"; };
		3FC784AB199D73C6006D333A /* Artwork.1@2x~ipad.png */ = {isa = PBXFileReference; lastKnownFileType = image.png; path = "Artwork.1@2x~ipad.png"; sourceTree = "<group>"; };
		3FC784AC199D73C6006D333A /* Artwork.1@2x~iphone.png */ = {isa = PBXFileReference; lastKnownFileType = image.png; path = "Artwork.1@2x~iphone.png"; sourceTree = "<group>"; };
		3FC784AD199D73C6006D333A /* Artwork.1~ipad.png */ = {isa = PBXFileReference; lastKnownFileType = image.png; path = "Artwork.1~ipad.png"; sourceTree = "<group>"; };
		3FC784AE199D73C6006D333A /* Artwork.plist */ = {isa = PBXFileReference; fileEncoding = 4; lastKnownFileType = text.plist.xml; path = Artwork.plist; sourceTree = "<group>"; };
		3FC784B0199D73C6006D333A /* ScoreFont.atlas */ = {isa = PBXFileReference; lastKnownFileType = folder.skatlas; path = ScoreFont.atlas; sourceTree = "<group>"; };
		3FC784B1199D73C6006D333A /* ScoreFont.xml */ = {isa = PBXFileReference; fileEncoding = 4; lastKnownFileType = text.xml; path = ScoreFont.xml; sourceTree = "<group>"; };
		3FC784B2199D73C6006D333A /* ScoreFont@2x.xml */ = {isa = PBXFileReference; fileEncoding = 4; lastKnownFileType = text.xml; path = "ScoreFont@2x.xml"; sourceTree = "<group>"; };
		3FC784B3199D73C6006D333A /* ScoreFont@2x~ipad.xml */ = {isa = PBXFileReference; fileEncoding = 4; lastKnownFileType = text.xml; path = "ScoreFont@2x~ipad.xml"; sourceTree = "<group>"; };
		3FC784B4199D73C6006D333A /* ScoreFont~ipad.xml */ = {isa = PBXFileReference; fileEncoding = 4; lastKnownFileType = text.xml; path = "ScoreFont~ipad.xml"; sourceTree = "<group>"; };
		3FC784B6199D73C6006D333A /* gamemusic.mp3 */ = {isa = PBXFileReference; lastKnownFileType = audio.mp3; path = gamemusic.mp3; sourceTree = "<group>"; };
		3FC784B8199D73C6006D333A /* bounce.caf */ = {isa = PBXFileReference; lastKnownFileType = file; path = bounce.caf; sourceTree = "<group>"; };
		3FC784B9199D73C6006D333A /* coin.caf */ = {isa = PBXFileReference; lastKnownFileType = file; path = coin.caf; sourceTree = "<group>"; };
		3FC784BA199D73C6006D333A /* falling.caf */ = {isa = PBXFileReference; lastKnownFileType = file; path = falling.caf; sourceTree = "<group>"; };
		3FC784BB199D73C6006D333A /* flying.caf */ = {isa = PBXFileReference; lastKnownFileType = file; path = flying.caf; sourceTree = "<group>"; };
		3FC784BC199D73C6006D333A /* hitGround.caf */ = {isa = PBXFileReference; lastKnownFileType = file; path = hitGround.caf; sourceTree = "<group>"; };
		3FC784BD199D73C6006D333A /* oink.caf */ = {isa = PBXFileReference; lastKnownFileType = file; path = oink.caf; sourceTree = "<group>"; };
		3FC784BE199D73C6006D333A /* pop.caf */ = {isa = PBXFileReference; lastKnownFileType = file; path = pop.caf; sourceTree = "<group>"; };
		3FC784BF199D73C6006D333A /* whack.caf */ = {isa = PBXFileReference; lastKnownFileType = file; path = whack.caf; sourceTree = "<group>"; };
		3FC784E8199D7433006D333A /* Constants.swift */ = {isa = PBXFileReference; fileEncoding = 4; lastKnownFileType = sourcecode.swift; path = Constants.swift; sourceTree = "<group>"; };
		3FC784EA199D7487006D333A /* MenuScene.swift */ = {isa = PBXFileReference; fileEncoding = 4; lastKnownFileType = sourcecode.swift; path = MenuScene.swift; sourceTree = "<group>"; };
		3FC784EF199D8D81006D333A /* PippinFree-Bridging-Header.h */ = {isa = PBXFileReference; lastKnownFileType = sourcecode.c.h; path = "PippinFree-Bridging-Header.h"; sourceTree = "<group>"; };
		3FC784F0199D9AB7006D333A /* Artwork.h */ = {isa = PBXFileReference; lastKnownFileType = sourcecode.c.h; path = Artwork.h; sourceTree = "<group>"; };
/* End PBXFileReference section */

/* Begin PBXFrameworksBuildPhase section */
		3FC78456199D72C1006D333A /* Frameworks */ = {
			isa = PBXFrameworksBuildPhase;
			buildActionMask = 2147483647;
			files = (
			);
			runOnlyForDeploymentPostprocessing = 0;
		};
		3FC7846C199D72C1006D333A /* Frameworks */ = {
			isa = PBXFrameworksBuildPhase;
			buildActionMask = 2147483647;
			files = (
			);
			runOnlyForDeploymentPostprocessing = 0;
		};
/* End PBXFrameworksBuildPhase section */

/* Begin PBXGroup section */
		3F09485B199E5CE60059D44A /* Actors */ = {
			isa = PBXGroup;
			children = (
				3F09485C199E5CF00059D44A /* Player.swift */,
			);
			name = Actors;
			sourceTree = "<group>";
		};
		3F094860199E8B890059D44A /* Scene Objects */ = {
			isa = PBXGroup;
			children = (
				3F09485E199E5CFF0059D44A /* Spike.swift */,
				3F094861199E8B9D0059D44A /* Foreground.swift */,
				3FB6A5B6199FE17C00463876 /* Hils.swift */,
			);
			name = "Scene Objects";
			sourceTree = "<group>";
		};
		3FC78450199D72C0006D333A = {
			isa = PBXGroup;
			children = (
				3FC7845B199D72C1006D333A /* PippinFree */,
				3FC78472199D72C1006D333A /* PippinFreeTests */,
				3FC7845A199D72C1006D333A /* Products */,
			);
			sourceTree = "<group>";
		};
		3FC7845A199D72C1006D333A /* Products */ = {
			isa = PBXGroup;
			children = (
				3FC78459199D72C1006D333A /* PippinFree.app */,
				3FC7846F199D72C1006D333A /* PippinFreeTests.xctest */,
			);
			name = Products;
			sourceTree = "<group>";
		};
		3FC7845B199D72C1006D333A /* PippinFree */ = {
			isa = PBXGroup;
			children = (
				3FC78484199D73C6006D333A /* Library */,
				3FC784A8199D73C6006D333A /* Resources */,
				3FC7847F199D7389006D333A /* Storyboards */,
				3FC78480199D73C6006D333A /* Classes */,
				3FC78469199D72C1006D333A /* Images.xcassets */,
				3FC7845C199D72C1006D333A /* Supporting Files */,
			);
			path = PippinFree;
			sourceTree = "<group>";
		};
		3FC7845C199D72C1006D333A /* Supporting Files */ = {
			isa = PBXGroup;
			children = (
				3FC7845D199D72C1006D333A /* Info.plist */,
			);
			name = "Supporting Files";
			sourceTree = "<group>";
		};
		3FC78472199D72C1006D333A /* PippinFreeTests */ = {
			isa = PBXGroup;
			children = (
				3FC78475199D72C1006D333A /* PippinFreeTests.swift */,
				3FC78473199D72C1006D333A /* Supporting Files */,
			);
			path = PippinFreeTests;
			sourceTree = "<group>";
		};
		3FC78473199D72C1006D333A /* Supporting Files */ = {
			isa = PBXGroup;
			children = (
				3FC78474199D72C1006D333A /* Info.plist */,
			);
			name = "Supporting Files";
			sourceTree = "<group>";
		};
		3FC7847F199D7389006D333A /* Storyboards */ = {
			isa = PBXGroup;
			children = (
				3FC78466199D72C1006D333A /* Main.storyboard */,
			);
			name = Storyboards;
			sourceTree = "<group>";
		};
		3FC78480199D73C6006D333A /* Classes */ = {
			isa = PBXGroup;
			children = (
				3F094860199E8B890059D44A /* Scene Objects */,
				3F09485B199E5CE60059D44A /* Actors */,
				3FC784EE199D75CF006D333A /* Utilities */,
				3FC784ED199D75B5006D333A /* ViewController */,
				3FC784EC199D75A7006D333A /* Scenes */,
			);
			path = Classes;
			sourceTree = "<group>";
		};
		3FC78484199D73C6006D333A /* Library */ = {
			isa = PBXGroup;
			children = (
				3FC78485199D73C6006D333A /* BMGlyphLabel */,
				3FC78498199D73C6006D333A /* SKTUtils */,
			);
			path = Library;
			sourceTree = "<group>";
		};
		3FC78485199D73C6006D333A /* BMGlyphLabel */ = {
			isa = PBXGroup;
			children = (
				3FC78486199D73C6006D333A /* BMGlyphFont.h */,
				3FC78487199D73C6006D333A /* BMGlyphFont.m */,
				3FC78488199D73C6006D333A /* BMGlyphLabel.h */,
				3FC78489199D73C6006D333A /* BMGlyphLabel.m */,
			);
			path = BMGlyphLabel;
			sourceTree = "<group>";
		};
		3FC78498199D73C6006D333A /* SKTUtils */ = {
			isa = PBXGroup;
			children = (
				3FC78499199D73C6006D333A /* CGFloat+Extensions.swift */,
				3FC7849A199D73C6006D333A /* CGPoint+Extensions.swift */,
				3FC7849B199D73C6006D333A /* CGVector+Extensions.swift */,
				3FC7849C199D73C6006D333A /* Double+Extensions.swift */,
				3FC7849D199D73C6006D333A /* Int+Extensions.swift */,
				3FC7849E199D73C6006D333A /* SKAction+Extensions.swift */,
				3FC7849F199D73C6006D333A /* SKAction+SpecialEffects.swift */,
				3FC784A0199D73C6006D333A /* SKColor+Extensions.swift */,
				3FC784A1199D73C6006D333A /* SKEmitterNode+Extensions.swift */,
				3FC784A2199D73C6006D333A /* SKNode+DebugDraw.swift */,
				3FC784A3199D73C6006D333A /* SKNode+Extensions.swift */,
				3FC784A4199D73C6006D333A /* SKTAudio.swift */,
				3FC784A5199D73C6006D333A /* SKTEffects.swift */,
				3FC784A6199D73C6006D333A /* SKTTimingFunctions.swift */,
				3FC784A7199D73C6006D333A /* Vector3.swift */,
			);
			path = SKTUtils;
			sourceTree = "<group>";
		};
		3FC784A8199D73C6006D333A /* Resources */ = {
			isa = PBXGroup;
			children = (
				3FC784A9199D73C6006D333A /* Artwork.atlasc */,
				3FC784AF199D73C6006D333A /* Fonts */,
				3FC784B5199D73C6006D333A /* Music */,
				3FC784B7199D73C6006D333A /* Sounds */,
			);
			path = Resources;
			sourceTree = "<group>";
		};
		3FC784A9199D73C6006D333A /* Artwork.atlasc */ = {
			isa = PBXGroup;
			children = (
				3FC784F0199D9AB7006D333A /* Artwork.h */,
				3FC784AA199D73C6006D333A /* Artwork.1.png */,
				3FC784AB199D73C6006D333A /* Artwork.1@2x~ipad.png */,
				3FC784AC199D73C6006D333A /* Artwork.1@2x~iphone.png */,
				3FC784AD199D73C6006D333A /* Artwork.1~ipad.png */,
				3FC784AE199D73C6006D333A /* Artwork.plist */,
			);
			path = Artwork.atlasc;
			sourceTree = "<group>";
		};
		3FC784AF199D73C6006D333A /* Fonts */ = {
			isa = PBXGroup;
			children = (
				3FC784B0199D73C6006D333A /* ScoreFont.atlas */,
				3FC784B1199D73C6006D333A /* ScoreFont.xml */,
				3FC784B2199D73C6006D333A /* ScoreFont@2x.xml */,
				3FC784B3199D73C6006D333A /* ScoreFont@2x~ipad.xml */,
				3FC784B4199D73C6006D333A /* ScoreFont~ipad.xml */,
			);
			path = Fonts;
			sourceTree = "<group>";
		};
		3FC784B5199D73C6006D333A /* Music */ = {
			isa = PBXGroup;
			children = (
				3FC784B6199D73C6006D333A /* gamemusic.mp3 */,
			);
			path = Music;
			sourceTree = "<group>";
		};
		3FC784B7199D73C6006D333A /* Sounds */ = {
			isa = PBXGroup;
			children = (
				3FC784B8199D73C6006D333A /* bounce.caf */,
				3FC784B9199D73C6006D333A /* coin.caf */,
				3FC784BA199D73C6006D333A /* falling.caf */,
				3FC784BB199D73C6006D333A /* flying.caf */,
				3FC784BC199D73C6006D333A /* hitGround.caf */,
				3FC784BD199D73C6006D333A /* oink.caf */,
				3FC784BE199D73C6006D333A /* pop.caf */,
				3FC784BF199D73C6006D333A /* whack.caf */,
			);
			path = Sounds;
			sourceTree = "<group>";
		};
		3FC784EC199D75A7006D333A /* Scenes */ = {
			isa = PBXGroup;
			children = (
				3FC784EA199D7487006D333A /* MenuScene.swift */,
				3FC78482199D73C6006D333A /* GameScene.swift */,
			);
			name = Scenes;
			sourceTree = "<group>";
		};
		3FC784ED199D75B5006D333A /* ViewController */ = {
			isa = PBXGroup;
			children = (
				3FC78481199D73C6006D333A /* AppDelegate.swift */,
				3FC78483199D73C6006D333A /* GameViewController.swift */,
			);
			name = ViewController;
			sourceTree = "<group>";
		};
		3FC784EE199D75CF006D333A /* Utilities */ = {
			isa = PBXGroup;
			children = (
				3FC784E8199D7433006D333A /* Constants.swift */,
				3F094857199E5CCF0059D44A /* GameTextures.swift */,
				3F094859199E5CDE0059D44A /* GameSounds.swift */,
				3FC784EF199D8D81006D333A /* PippinFree-Bridging-Header.h */,
			);
			name = Utilities;
			sourceTree = "<group>";
		};
/* End PBXGroup section */

/* Begin PBXNativeTarget section */
		3FC78458199D72C1006D333A /* PippinFree */ = {
			isa = PBXNativeTarget;
			buildConfigurationList = 3FC78479199D72C1006D333A /* Build configuration list for PBXNativeTarget "PippinFree" */;
			buildPhases = (
				3FC78455199D72C1006D333A /* Sources */,
				3FC78456199D72C1006D333A /* Frameworks */,
				3FC78457199D72C1006D333A /* Resources */,
			);
			buildRules = (
			);
			dependencies = (
			);
			name = PippinFree;
			productName = PippinFree;
			productReference = 3FC78459199D72C1006D333A /* PippinFree.app */;
			productType = "com.apple.product-type.application";
		};
		3FC7846E199D72C1006D333A /* PippinFreeTests */ = {
			isa = PBXNativeTarget;
			buildConfigurationList = 3FC7847C199D72C1006D333A /* Build configuration list for PBXNativeTarget "PippinFreeTests" */;
			buildPhases = (
				3FC7846B199D72C1006D333A /* Sources */,
				3FC7846C199D72C1006D333A /* Frameworks */,
				3FC7846D199D72C1006D333A /* Resources */,
			);
			buildRules = (
			);
			dependencies = (
				3FC78471199D72C1006D333A /* PBXTargetDependency */,
			);
			name = PippinFreeTests;
			productName = PippinFreeTests;
			productReference = 3FC7846F199D72C1006D333A /* PippinFreeTests.xctest */;
			productType = "com.apple.product-type.bundle.unit-test";
		};
/* End PBXNativeTarget section */

/* Begin PBXProject section */
		3FC78451199D72C0006D333A /* Project object */ = {
			isa = PBXProject;
			attributes = {
				LastUpgradeCheck = 0600;
				ORGANIZATIONNAME = "Jeremy Novak";
				TargetAttributes = {
					3FC78458199D72C1006D333A = {
						CreatedOnToolsVersion = 6.0;
					};
					3FC7846E199D72C1006D333A = {
						CreatedOnToolsVersion = 6.0;
						TestTargetID = 3FC78458199D72C1006D333A;
					};
				};
			};
			buildConfigurationList = 3FC78454199D72C0006D333A /* Build configuration list for PBXProject "PippinFree" */;
			compatibilityVersion = "Xcode 3.2";
			developmentRegion = English;
			hasScannedForEncodings = 0;
			knownRegions = (
				en,
				Base,
			);
			mainGroup = 3FC78450199D72C0006D333A;
			productRefGroup = 3FC7845A199D72C1006D333A /* Products */;
			projectDirPath = "";
			projectRoot = "";
			targets = (
				3FC78458199D72C1006D333A /* PippinFree */,
				3FC7846E199D72C1006D333A /* PippinFreeTests */,
			);
		};
/* End PBXProject section */

/* Begin PBXResourcesBuildPhase section */
		3FC78457199D72C1006D333A /* Resources */ = {
			isa = PBXResourcesBuildPhase;
			buildActionMask = 2147483647;
			files = (
				3FC784E2199D73C6006D333A /* falling.caf in Resources */,
				3FC784E0199D73C6006D333A /* bounce.caf in Resources */,
				3FC784E7199D73C6006D333A /* whack.caf in Resources */,
				3FC784DC199D73C6006D333A /* ScoreFont@2x.xml in Resources */,
				3FC784D8199D73C6006D333A /* Artwork.1~ipad.png in Resources */,
				3FC784E1199D73C6006D333A /* coin.caf in Resources */,
				3FC7846A199D72C1006D333A /* Images.xcassets in Resources */,
				3FC784D9199D73C6006D333A /* Artwork.plist in Resources */,
				3FC784DB199D73C6006D333A /* ScoreFont.xml in Resources */,
				3FC784D7199D73C6006D333A /* Artwork.1@2x~iphone.png in Resources */,
				3FC784E5199D73C6006D333A /* oink.caf in Resources */,
				3FC784E4199D73C6006D333A /* hitGround.caf in Resources */,
				3FC784DD199D73C6006D333A /* ScoreFont@2x~ipad.xml in Resources */,
				3FC784D5199D73C6006D333A /* Artwork.1.png in Resources */,
				3FC784DE199D73C6006D333A /* ScoreFont~ipad.xml in Resources */,
				3FC784DA199D73C6006D333A /* ScoreFont.atlas in Resources */,
				3FC784E3199D73C6006D333A /* flying.caf in Resources */,
				3FC784DF199D73C6006D333A /* gamemusic.mp3 in Resources */,
				3FC78468199D72C1006D333A /* Main.storyboard in Resources */,
				3FC784E6199D73C6006D333A /* pop.caf in Resources */,
				3FC784D6199D73C6006D333A /* Artwork.1@2x~ipad.png in Resources */,
			);
			runOnlyForDeploymentPostprocessing = 0;
		};
		3FC7846D199D72C1006D333A /* Resources */ = {
			isa = PBXResourcesBuildPhase;
			buildActionMask = 2147483647;
			files = (
			);
			runOnlyForDeploymentPostprocessing = 0;
		};
/* End PBXResourcesBuildPhase section */

/* Begin PBXSourcesBuildPhase section */
		3FC78455199D72C1006D333A /* Sources */ = {
			isa = PBXSourcesBuildPhase;
			buildActionMask = 2147483647;
			files = (
				3FC784C7199D73C6006D333A /* CGPoint+Extensions.swift in Sources */,
				3FC784D0199D73C6006D333A /* SKNode+Extensions.swift in Sources */,
				3FC784D3199D73C6006D333A /* SKTTimingFunctions.swift in Sources */,
				3FC784C1199D73C6006D333A /* GameScene.swift in Sources */,
				3F094862199E8B9D0059D44A /* Foreground.swift in Sources */,
				3FC784C2199D73C6006D333A /* GameViewController.swift in Sources */,
				3FC784C9199D73C6006D333A /* Double+Extensions.swift in Sources */,
				3FC784C4199D73C6006D333A /* BMGlyphLabel.m in Sources */,
				3FC784D1199D73C6006D333A /* SKTAudio.swift in Sources */,
				3FB6A5B7199FE17C00463876 /* Hils.swift in Sources */,
				3FC784D2199D73C6006D333A /* SKTEffects.swift in Sources */,
				3FC784C8199D73C6006D333A /* CGVector+Extensions.swift in Sources */,
				3FC784CE199D73C6006D333A /* SKEmitterNode+Extensions.swift in Sources */,
				3FC784E9199D7433006D333A /* Constants.swift in Sources */,
				3FC784C3199D73C6006D333A /* BMGlyphFont.m in Sources */,
				3F094858199E5CCF0059D44A /* GameTextures.swift in Sources */,
				3FC784EB199D7487006D333A /* MenuScene.swift in Sources */,
				3FC784CB199D73C6006D333A /* SKAction+Extensions.swift in Sources */,
				3FC784CC199D73C6006D333A /* SKAction+SpecialEffects.swift in Sources */,
				3F09485A199E5CDE0059D44A /* GameSounds.swift in Sources */,
				3F09485D199E5CF00059D44A /* Player.swift in Sources */,
				3FC784C6199D73C6006D333A /* CGFloat+Extensions.swift in Sources */,
				3F09485F199E5CFF0059D44A /* Spike.swift in Sources */,
				3FC784C0199D73C6006D333A /* AppDelegate.swift in Sources */,
				3FC784CA199D73C6006D333A /* Int+Extensions.swift in Sources */,
				3FC784CF199D73C6006D333A /* SKNode+DebugDraw.swift in Sources */,
				3FC784D4199D73C6006D333A /* Vector3.swift in Sources */,
				3FC784CD199D73C6006D333A /* SKColor+Extensions.swift in Sources */,
			);
			runOnlyForDeploymentPostprocessing = 0;
		};
		3FC7846B199D72C1006D333A /* Sources */ = {
			isa = PBXSourcesBuildPhase;
			buildActionMask = 2147483647;
			files = (
				3FC78476199D72C1006D333A /* PippinFreeTests.swift in Sources */,
			);
			runOnlyForDeploymentPostprocessing = 0;
		};
/* End PBXSourcesBuildPhase section */

/* Begin PBXTargetDependency section */
		3FC78471199D72C1006D333A /* PBXTargetDependency */ = {
			isa = PBXTargetDependency;
			target = 3FC78458199D72C1006D333A /* PippinFree */;
			targetProxy = 3FC78470199D72C1006D333A /* PBXContainerItemProxy */;
		};
/* End PBXTargetDependency section */

/* Begin PBXVariantGroup section */
		3FC78466199D72C1006D333A /* Main.storyboard */ = {
			isa = PBXVariantGroup;
			children = (
				3FC78467199D72C1006D333A /* Base */,
			);
			name = Main.storyboard;
			sourceTree = "<group>";
		};
/* End PBXVariantGroup section */

/* Begin XCBuildConfiguration section */
		3FC78477199D72C1006D333A /* Debug */ = {
			isa = XCBuildConfiguration;
			buildSettings = {
				ALWAYS_SEARCH_USER_PATHS = NO;
				CLANG_CXX_LANGUAGE_STANDARD = "gnu++0x";
				CLANG_CXX_LIBRARY = "libc++";
				CLANG_ENABLE_MODULES = YES;
				CLANG_ENABLE_OBJC_ARC = YES;
				CLANG_WARN_BOOL_CONVERSION = YES;
				CLANG_WARN_CONSTANT_CONVERSION = YES;
				CLANG_WARN_DIRECT_OBJC_ISA_USAGE = YES_ERROR;
				CLANG_WARN_EMPTY_BODY = YES;
				CLANG_WARN_ENUM_CONVERSION = YES;
				CLANG_WARN_INT_CONVERSION = YES;
				CLANG_WARN_OBJC_ROOT_CLASS = YES_ERROR;
				CLANG_WARN_UNREACHABLE_CODE = YES;
				CLANG_WARN__DUPLICATE_METHOD_MATCH = YES;
				"CODE_SIGN_IDENTITY[sdk=iphoneos*]" = "iPhone Developer";
				COPY_PHASE_STRIP = NO;
				ENABLE_STRICT_OBJC_MSGSEND = YES;
				GCC_C_LANGUAGE_STANDARD = gnu99;
				GCC_DYNAMIC_NO_PIC = NO;
				GCC_OPTIMIZATION_LEVEL = 0;
				GCC_PREPROCESSOR_DEFINITIONS = (
					"DEBUG=1",
					"$(inherited)",
				);
				GCC_SYMBOLS_PRIVATE_EXTERN = NO;
				GCC_WARN_64_TO_32_BIT_CONVERSION = YES;
				GCC_WARN_ABOUT_RETURN_TYPE = YES_ERROR;
				GCC_WARN_UNDECLARED_SELECTOR = YES;
				GCC_WARN_UNINITIALIZED_AUTOS = YES_AGGRESSIVE;
				GCC_WARN_UNUSED_FUNCTION = YES;
				GCC_WARN_UNUSED_VARIABLE = YES;
				IPHONEOS_DEPLOYMENT_TARGET = 8.0;
				MTL_ENABLE_DEBUG_INFO = YES;
				ONLY_ACTIVE_ARCH = YES;
				SDKROOT = iphoneos;
				SWIFT_OPTIMIZATION_LEVEL = "-Onone";
				TARGETED_DEVICE_FAMILY = "1,2";
			};
			name = Debug;
		};
		3FC78478199D72C1006D333A /* Release */ = {
			isa = XCBuildConfiguration;
			buildSettings = {
				ALWAYS_SEARCH_USER_PATHS = NO;
				CLANG_CXX_LANGUAGE_STANDARD = "gnu++0x";
				CLANG_CXX_LIBRARY = "libc++";
				CLANG_ENABLE_MODULES = YES;
				CLANG_ENABLE_OBJC_ARC = YES;
				CLANG_WARN_BOOL_CONVERSION = YES;
				CLANG_WARN_CONSTANT_CONVERSION = YES;
				CLANG_WARN_DIRECT_OBJC_ISA_USAGE = YES_ERROR;
				CLANG_WARN_EMPTY_BODY = YES;
				CLANG_WARN_ENUM_CONVERSION = YES;
				CLANG_WARN_INT_CONVERSION = YES;
				CLANG_WARN_OBJC_ROOT_CLASS = YES_ERROR;
				CLANG_WARN_UNREACHABLE_CODE = YES;
				CLANG_WARN__DUPLICATE_METHOD_MATCH = YES;
				"CODE_SIGN_IDENTITY[sdk=iphoneos*]" = "iPhone Developer";
				COPY_PHASE_STRIP = YES;
				ENABLE_NS_ASSERTIONS = NO;
				ENABLE_STRICT_OBJC_MSGSEND = YES;
				GCC_C_LANGUAGE_STANDARD = gnu99;
				GCC_WARN_64_TO_32_BIT_CONVERSION = YES;
				GCC_WARN_ABOUT_RETURN_TYPE = YES_ERROR;
				GCC_WARN_UNDECLARED_SELECTOR = YES;
				GCC_WARN_UNINITIALIZED_AUTOS = YES_AGGRESSIVE;
				GCC_WARN_UNUSED_FUNCTION = YES;
				GCC_WARN_UNUSED_VARIABLE = YES;
				IPHONEOS_DEPLOYMENT_TARGET = 8.0;
				MTL_ENABLE_DEBUG_INFO = NO;
				SDKROOT = iphoneos;
				TARGETED_DEVICE_FAMILY = "1,2";
				VALIDATE_PRODUCT = YES;
			};
			name = Release;
		};
		3FC7847A199D72C1006D333A /* Debug */ = {
			isa = XCBuildConfiguration;
			buildSettings = {
				ASSETCATALOG_COMPILER_APPICON_NAME = AppIcon;
				ASSETCATALOG_COMPILER_LAUNCHIMAGE_NAME = LaunchImage;
				INFOPLIST_FILE = PippinFree/Info.plist;
				IPHONEOS_DEPLOYMENT_TARGET = 7.1;
				LD_RUNPATH_SEARCH_PATHS = "$(inherited) @executable_path/Frameworks";
				LIBRARY_SEARCH_PATHS = "$(inherited)";
				OTHER_LDFLAGS = "";
				PRODUCT_NAME = "$(TARGET_NAME)";
				SWIFT_OBJC_BRIDGING_HEADER = "PippinFree/Classes/PippinFree-Bridging-Header.h";
			};
			name = Debug;
		};
		3FC7847B199D72C1006D333A /* Release */ = {
			isa = XCBuildConfiguration;
			buildSettings = {
				ASSETCATALOG_COMPILER_APPICON_NAME = AppIcon;
				ASSETCATALOG_COMPILER_LAUNCHIMAGE_NAME = LaunchImage;
				INFOPLIST_FILE = PippinFree/Info.plist;
				IPHONEOS_DEPLOYMENT_TARGET = 7.1;
				LD_RUNPATH_SEARCH_PATHS = "$(inherited) @executable_path/Frameworks";
				LIBRARY_SEARCH_PATHS = "$(inherited)";
				OTHER_LDFLAGS = "";
				PRODUCT_NAME = "$(TARGET_NAME)";
				SWIFT_OBJC_BRIDGING_HEADER = "PippinFree/Classes/PippinFree-Bridging-Header.h";
			};
			name = Release;
		};
		3FC7847D199D72C1006D333A /* Debug */ = {
			isa = XCBuildConfiguration;
			buildSettings = {
				BUNDLE_LOADER = "$(TEST_HOST)";
				FRAMEWORK_SEARCH_PATHS = (
					"$(SDKROOT)/Developer/Library/Frameworks",
					"$(inherited)",
				);
				GCC_PREPROCESSOR_DEFINITIONS = (
					"DEBUG=1",
					"$(inherited)",
				);
				INFOPLIST_FILE = PippinFreeTests/Info.plist;
				LD_RUNPATH_SEARCH_PATHS = "$(inherited) @executable_path/Frameworks @loader_path/Frameworks";
				PRODUCT_NAME = "$(TARGET_NAME)";
				TEST_HOST = "$(BUILT_PRODUCTS_DIR)/PippinFree.app/PippinFree";
			};
			name = Debug;
		};
		3FC7847E199D72C1006D333A /* Release */ = {
			isa = XCBuildConfiguration;
			buildSettings = {
				BUNDLE_LOADER = "$(TEST_HOST)";
				FRAMEWORK_SEARCH_PATHS = (
					"$(SDKROOT)/Developer/Library/Frameworks",
					"$(inherited)",
				);
				INFOPLIST_FILE = PippinFreeTests/Info.plist;
				LD_RUNPATH_SEARCH_PATHS = "$(inherited) @executable_path/Frameworks @loader_path/Frameworks";
				PRODUCT_NAME = "$(TARGET_NAME)";
				TEST_HOST = "$(BUILT_PRODUCTS_DIR)/PippinFree.app/PippinFree";
			};
			name = Release;
		};
/* End XCBuildConfiguration section */

/* Begin XCConfigurationList section */
		3FC78454199D72C0006D333A /* Build configuration list for PBXProject "PippinFree" */ = {
			isa = XCConfigurationList;
			buildConfigurations = (
				3FC78477199D72C1006D333A /* Debug */,
				3FC78478199D72C1006D333A /* Release */,
			);
			defaultConfigurationIsVisible = 0;
			defaultConfigurationName = Release;
		};
		3FC78479199D72C1006D333A /* Build configuration list for PBXNativeTarget "PippinFree" */ = {
			isa = XCConfigurationList;
			buildConfigurations = (
				3FC7847A199D72C1006D333A /* Debug */,
				3FC7847B199D72C1006D333A /* Release */,
			);
			defaultConfigurationIsVisible = 0;
			defaultConfigurationName = Release;
		};
		3FC7847C199D72C1006D333A /* Build configuration list for PBXNativeTarget "PippinFreeTests" */ = {
			isa = XCConfigurationList;
			buildConfigurations = (
				3FC7847D199D72C1006D333A /* Debug */,
				3FC7847E199D72C1006D333A /* Release */,
			);
			defaultConfigurationIsVisible = 0;
			defaultConfigurationName = Release;
		};
/* End XCConfigurationList section */
	};
	rootObject = 3FC78451199D72C0006D333A /* Project object */;
}
